
Microsoft Visual Studio Solution File, Format Version 12.00
# Visual Studio 14
VisualStudioVersion = 14.0.24720.0
MinimumVisualStudioVersion = 10.0.40219.1
Project("{FAE04EC0-301F-11D3-BF4B-00C04F79EFBC}") = "UBSFund", "UBSFund\UBSFund.csproj", "{CA47A1FA-B9E6-483F-9377-88165EA28ED4}"
EndProject
Project("{FAE04EC0-301F-11D3-BF4B-00C04F79EFBC}") = "UBSFundTests", "UBSFundTests\UBSFundTests.csproj", "{2647851F-1737-4618-A6A2-B09A9CA5F06A}"
EndProject
Global
	GlobalSection(SolutionConfigurationPlatforms) = preSolution
		Debug|Any CPU = Debug|Any CPU
		Release|Any CPU = Release|Any CPU
	EndGlobalSection
	GlobalSection(ProjectConfigurationPlatforms) = postSolution
		{CA47A1FA-B9E6-483F-9377-88165EA28ED4}.Debug|Any CPU.ActiveCfg = Debug|Any CPU
		{CA47A1FA-B9E6-483F-9377-88165EA28ED4}.Debug|Any CPU.Build.0 = Debug|Any CPU
		{CA47A1FA-B9E6-483F-9377-88165EA28ED4}.Release|Any CPU.ActiveCfg = Release|Any CPU
		{CA47A1FA-B9E6-483F-9377-88165EA28ED4}.Release|Any CPU.Build.0 = Release|Any CPU
		{2647851F-1737-4618-A6A2-B09A9CA5F06A}.Debug|Any CPU.ActiveCfg = Debug|Any CPU
		{2647851F-1737-4618-A6A2-B09A9CA5F06A}.Debug|Any CPU.Build.0 = Debug|Any CPU
		{2647851F-1737-4618-A6A2-B09A9CA5F06A}.Release|Any CPU.ActiveCfg = Release|Any CPU
		{2647851F-1737-4618-A6A2-B09A9CA5F06A}.Release|Any CPU.Build.0 = Release|Any CPU
	EndGlobalSection
	GlobalSection(SolutionProperties) = preSolution
		HideSolutionNode = FALSE
	EndGlobalSection
EndGlobal
